Microsoft Visual Studio Solution File, Format Version 12.00
# Visual Studio 15
VisualStudioVersion = 15.0.26403.7
MinimumVisualStudioVersion = 10.0.40219.1
Project("{9A19103F-16F7-4668-BE54-9A1E7A4F7556}") = "Seed.Data", "Seed.Data\Seed.Data.csproj", "{9E4A5EDD-291B-40E2-96D0-541271208A0B}"
EndProject
Project("{9A19103F-16F7-4668-BE54-9A1E7A4F7556}") = "Seed.Api", "Seed.Api\Seed.Api.csproj", "{C7B52B24-AF58-46AD-BCCC-672347A45955}"
EndProject
Project("{9A19103F-16F7-4668-BE54-9A1E7A4F7556}") = "Seed.Domain", "Seed.Domain\Seed.Domain.csproj", "{271EEE25-6BA2-4BF8-A782-94E6F2FCACA6}"
EndProject
Project("{9A19103F-16F7-4668-BE54-9A1E7A4F7556}") = "Seed.Infrastructure", "Seed.Infrastructure\Seed.Infrastructure.csproj", "{0BB5DD31-2AC0-40B0-A551-55E5D26EBA23}"
EndProject
Project("{9A19103F-16F7-4668-BE54-9A1E7A4F7556}") = "Seed.Infrastructure.Tests", "Seed.Infrastructure.Tests\Seed.Infrastructure.Tests.csproj", "{52B21622-93CE-4049-BCA7-469555BC7D7E}"
EndProject
Project("{9A19103F-16F7-4668-BE54-9A1E7A4F7556}") = "Seed.Domain.Tests", "Seed.Domain.Tests\Seed.Domain.Tests.csproj", "{0C7CDAE6-0D4F-456B-8CAE-E908A048F06F}"
EndProject
Project("{9A19103F-16F7-4668-BE54-9A1E7A4F7556}") = "Seed.Data.Tests", "Seed.Data.Tests\Seed.Data.Tests.csproj", "{9542D55B-2B0F-4F00-A2AC-6AFAEF9B15AD}"
EndProject
Project("{9A19103F-16F7-4668-BE54-9A1E7A4F7556}") = "Seed.Api.Tests", "Seed.Api.Tests\Seed.Api.Tests.csproj", "{9ABE3C23-4C0E-4387-90D9-6F7DEF6342C7}"
EndProject
Project("{9A19103F-16F7-4668-BE54-9A1E7A4F7556}") = "Seed.Api.IntegrationTests", "Seed.Api.IntegrationTests\Seed.Api.IntegrationTests.csproj", "{A96236C5-683B-4DC6-9B04-D98F0655D006}"
EndProject
Global
	GlobalSection(SolutionConfigurationPlatforms) = preSolution
		Debug|Any CPU = Debug|Any CPU
		Release|Any CPU = Release|Any CPU
	EndGlobalSection
	GlobalSection(ProjectConfigurationPlatforms) = postSolution
		{9E4A5EDD-291B-40E2-96D0-541271208A0B}.Debug|Any CPU.ActiveCfg = Debug|Any CPU
		{9E4A5EDD-291B-40E2-96D0-541271208A0B}.Debug|Any CPU.Build.0 = Debug|Any CPU
		{9E4A5EDD-291B-40E2-96D0-541271208A0B}.Release|Any CPU.ActiveCfg = Release|Any CPU
		{9E4A5EDD-291B-40E2-96D0-541271208A0B}.Release|Any CPU.Build.0 = Release|Any CPU
		{C7B52B24-AF58-46AD-BCCC-672347A45955}.Debug|Any CPU.ActiveCfg = Debug|Any CPU
		{C7B52B24-AF58-46AD-BCCC-672347A45955}.Debug|Any CPU.Build.0 = Debug|Any CPU
		{C7B52B24-AF58-46AD-BCCC-672347A45955}.Release|Any CPU.ActiveCfg = Release|Any CPU
		{C7B52B24-AF58-46AD-BCCC-672347A45955}.Release|Any CPU.Build.0 = Release|Any CPU
		{271EEE25-6BA2-4BF8-A782-94E6F2FCACA6}.Debug|Any CPU.ActiveCfg = Debug|Any CPU
		{271EEE25-6BA2-4BF8-A782-94E6F2FCACA6}.Debug|Any CPU.Build.0 = Debug|Any CPU
		{271EEE25-6BA2-4BF8-A782-94E6F2FCACA6}.Release|Any CPU.ActiveCfg = Release|Any CPU
		{271EEE25-6BA2-4BF8-A782-94E6F2FCACA6}.Release|Any CPU.Build.0 = Release|Any CPU
		{0BB5DD31-2AC0-40B0-A551-55E5D26EBA23}.Debug|Any CPU.ActiveCfg = Debug|Any CPU
		{0BB5DD31-2AC0-40B0-A551-55E5D26EBA23}.Debug|Any CPU.Build.0 = Debug|Any CPU
		{0BB5DD31-2AC0-40B0-A551-55E5D26EBA23}.Release|Any CPU.ActiveCfg = Release|Any CPU
		{0BB5DD31-2AC0-40B0-A551-55E5D26EBA23}.Release|Any CPU.Build.0 = Release|Any CPU
		{52B21622-93CE-4049-BCA7-469555BC7D7E}.Debug|Any CPU.ActiveCfg = Debug|Any CPU
		{52B21622-93CE-4049-BCA7-469555BC7D7E}.Debug|Any CPU.Build.0 = Debug|Any CPU
		{52B21622-93CE-4049-BCA7-469555BC7D7E}.Release|Any CPU.ActiveCfg = Release|Any CPU
		{52B21622-93CE-4049-BCA7-469555BC7D7E}.Release|Any CPU.Build.0 = Release|Any CPU
		{0C7CDAE6-0D4F-456B-8CAE-E908A048F06F}.Debug|Any CPU.ActiveCfg = Debug|Any CPU
		{0C7CDAE6-0D4F-456B-8CAE-E908A048F06F}.Debug|Any CPU.Build.0 = Debug|Any CPU
		{0C7CDAE6-0D4F-456B-8CAE-E908A048F06F}.Release|Any CPU.ActiveCfg = Release|Any CPU
		{0C7CDAE6-0D4F-456B-8CAE-E908A048F06F}.Release|Any CPU.Build.0 = Release|Any CPU
		{9542D55B-2B0F-4F00-A2AC-6AFAEF9B15AD}.Debug|Any CPU.ActiveCfg = Debug|Any CPU
		{9542D55B-2B0F-4F00-A2AC-6AFAEF9B15AD}.Debug|Any CPU.Build.0 = Debug|Any CPU
		{9542D55B-2B0F-4F00-A2AC-6AFAEF9B15AD}.Release|Any CPU.ActiveCfg = Release|Any CPU
		{9542D55B-2B0F-4F00-A2AC-6AFAEF9B15AD}.Release|Any CPU.Build.0 = Release|Any CPU
		{9ABE3C23-4C0E-4387-90D9-6F7DEF6342C7}.Debug|Any CPU.ActiveCfg = Debug|Any CPU
		{9ABE3C23-4C0E-4387-90D9-6F7DEF6342C7}.Debug|Any CPU.Build.0 = Debug|Any CPU
		{9ABE3C23-4C0E-4387-90D9-6F7DEF6342C7}.Release|Any CPU.ActiveCfg = Release|Any CPU
		{9ABE3C23-4C0E-4387-90D9-6F7DEF6342C7}.Release|Any CPU.Build.0 = Release|Any CPU
		{A96236C5-683B-4DC6-9B04-D98F0655D006}.Debug|Any CPU.ActiveCfg = Debug|Any CPU
		{A96236C5-683B-4DC6-9B04-D98F0655D006}.Debug|Any CPU.Build.0 = Debug|Any CPU
		{A96236C5-683B-4DC6-9B04-D98F0655D006}.Release|Any CPU.ActiveCfg = Release|Any CPU
		{A96236C5-683B-4DC6-9B04-D98F0655D006}.Release|Any CPU.Build.0 = Release|Any CPU
	EndGlobalSection
	GlobalSection(SolutionProperties) = preSolution
		HideSolutionNode = FALSE
	EndGlobalSection
	GlobalSection(ExtensibilityGlobals) = postSolution
		SolutionGuid = {91B90A90-38D2-4FB7-B22A-90F9CD72EC84}
	EndGlobalSection
EndGlobal
